
Microsoft Visual Studio Solution File, Format Version 12.00
# Visual Studio 15
VisualStudioVersion = 15.0.26403.3
MinimumVisualStudioVersion = 10.0.40219.1
Project("{2150E333-8FDC-42A3-9474-1A3956D46DE8}") = "src", "src", "{2E89F711-CA54-41CB-B523-5A411098658C}"
EndProject
Project("{2150E333-8FDC-42A3-9474-1A3956D46DE8}") = "Solution Items", "Solution Items", "{90D813BF-1C3C-4691-83FE-1FF3E48566B3}"
EndProject
Project("{2150E333-8FDC-42A3-9474-1A3956D46DE8}") = "Examples", "Examples", "{3890A95D-0020-4CB4-8689-D9D00F76E54D}"
EndProject
Project("{9A19103F-16F7-4668-BE54-9A1E7A4F7556}") = "Zoxive.HttpLoadTesting.Framework", "src\Zoxive.HttpLoadTesting.Framework\Zoxive.HttpLoadTesting.Framework.csproj", "{A76FD8F1-AB85-4F18-BD9C-4DAA7D48FE34}"
EndProject
Project("{9A19103F-16F7-4668-BE54-9A1E7A4F7556}") = "Zoxive.HttpLoadTesting.Client", "src\Zoxive.HttpLoadTesting.Client\Zoxive.HttpLoadTesting.Client.csproj", "{E49F56FD-BEA9-4FD8-9A66-8A173FC974EE}"
EndProject
Project("{9A19103F-16F7-4668-BE54-9A1E7A4F7556}") = "Examples", "src\Examples\Examples\Examples.csproj", "{79B98E50-0B5C-42DD-9871-14FFC297802B}"
EndProject
Global
	GlobalSection(SolutionConfigurationPlatforms) = preSolution
		Debug|Any CPU = Debug|Any CPU
		Debug|x64 = Debug|x64
		Debug|x86 = Debug|x86
		Release|Any CPU = Release|Any CPU
		Release|x64 = Release|x64
		Release|x86 = Release|x86
	EndGlobalSection
	GlobalSection(ProjectConfigurationPlatforms) = postSolution
		{A76FD8F1-AB85-4F18-BD9C-4DAA7D48FE34}.Debug|Any CPU.ActiveCfg = Debug|Any CPU
		{A76FD8F1-AB85-4F18-BD9C-4DAA7D48FE34}.Debug|Any CPU.Build.0 = Debug|Any CPU
		{A76FD8F1-AB85-4F18-BD9C-4DAA7D48FE34}.Debug|x64.ActiveCfg = Debug|Any CPU
		{A76FD8F1-AB85-4F18-BD9C-4DAA7D48FE34}.Debug|x64.Build.0 = Debug|Any CPU
		{A76FD8F1-AB85-4F18-BD9C-4DAA7D48FE34}.Debug|x86.ActiveCfg = Debug|Any CPU
		{A76FD8F1-AB85-4F18-BD9C-4DAA7D48FE34}.Debug|x86.Build.0 = Debug|Any CPU
		{A76FD8F1-AB85-4F18-BD9C-4DAA7D48FE34}.Release|Any CPU.ActiveCfg = Release|Any CPU
		{A76FD8F1-AB85-4F18-BD9C-4DAA7D48FE34}.Release|Any CPU.Build.0 = Release|Any CPU
		{A76FD8F1-AB85-4F18-BD9C-4DAA7D48FE34}.Release|x64.ActiveCfg = Release|Any CPU
		{A76FD8F1-AB85-4F18-BD9C-4DAA7D48FE34}.Release|x64.Build.0 = Release|Any CPU
		{A76FD8F1-AB85-4F18-BD9C-4DAA7D48FE34}.Release|x86.ActiveCfg = Release|Any CPU
		{A76FD8F1-AB85-4F18-BD9C-4DAA7D48FE34}.Release|x86.Build.0 = Release|Any CPU
		{E49F56FD-BEA9-4FD8-9A66-8A173FC974EE}.Debug|Any CPU.ActiveCfg = Debug|Any CPU
		{E49F56FD-BEA9-4FD8-9A66-8A173FC974EE}.Debug|Any CPU.Build.0 = Debug|Any CPU
		{E49F56FD-BEA9-4FD8-9A66-8A173FC974EE}.Debug|x64.ActiveCfg = Debug|Any CPU
		{E49F56FD-BEA9-4FD8-9A66-8A173FC974EE}.Debug|x64.Build.0 = Debug|Any CPU
		{E49F56FD-BEA9-4FD8-9A66-8A173FC974EE}.Debug|x86.ActiveCfg = Debug|Any CPU
		{E49F56FD-BEA9-4FD8-9A66-8A173FC974EE}.Debug|x86.Build.0 = Debug|Any CPU
		{E49F56FD-BEA9-4FD8-9A66-8A173FC974EE}.Release|Any CPU.ActiveCfg = Release|Any CPU
		{E49F56FD-BEA9-4FD8-9A66-8A173FC974EE}.Release|Any CPU.Build.0 = Release|Any CPU
		{E49F56FD-BEA9-4FD8-9A66-8A173FC974EE}.Release|x64.ActiveCfg = Release|Any CPU
		{E49F56FD-BEA9-4FD8-9A66-8A173FC974EE}.Release|x64.Build.0 = Release|Any CPU
		{E49F56FD-BEA9-4FD8-9A66-8A173FC974EE}.Release|x86.ActiveCfg = Release|Any CPU
		{E49F56FD-BEA9-4FD8-9A66-8A173FC974EE}.Release|x86.Build.0 = Release|Any CPU
		{79B98E50-0B5C-42DD-9871-14FFC297802B}.Debug|Any CPU.ActiveCfg = Debug|Any CPU
		{79B98E50-0B5C-42DD-9871-14FFC297802B}.Debug|Any CPU.Build.0 = Debug|Any CPU
		{79B98E50-0B5C-42DD-9871-14FFC297802B}.Debug|x64.ActiveCfg = Debug|Any CPU
		{79B98E50-0B5C-42DD-9871-14FFC297802B}.Debug|x64.Build.0 = Debug|Any CPU
		{79B98E50-0B5C-42DD-9871-14FFC297802B}.Debug|x86.ActiveCfg = Debug|Any CPU
		{79B98E50-0B5C-42DD-9871-14FFC297802B}.Debug|x86.Build.0 = Debug|Any CPU
		{79B98E50-0B5C-42DD-9871-14FFC297802B}.Release|Any CPU.ActiveCfg = Release|Any CPU
		{79B98E50-0B5C-42DD-9871-14FFC297802B}.Release|Any CPU.Build.0 = Release|Any CPU
		{79B98E50-0B5C-42DD-9871-14FFC297802B}.Release|x64.ActiveCfg = Release|Any CPU
		{79B98E50-0B5C-42DD-9871-14FFC297802B}.Release|x64.Build.0 = Release|Any CPU
		{79B98E50-0B5C-42DD-9871-14FFC297802B}.Release|x86.ActiveCfg = Release|Any CPU
		{79B98E50-0B5C-42DD-9871-14FFC297802B}.Release|x86.Build.0 = Release|Any CPU
	EndGlobalSection
	GlobalSection(SolutionProperties) = preSolution
		HideSolutionNode = FALSE
	EndGlobalSection
	GlobalSection(NestedProjects) = preSolution
		{3890A95D-0020-4CB4-8689-D9D00F76E54D} = {2E89F711-CA54-41CB-B523-5A411098658C}
		{A76FD8F1-AB85-4F18-BD9C-4DAA7D48FE34} = {2E89F711-CA54-41CB-B523-5A411098658C}
		{E49F56FD-BEA9-4FD8-9A66-8A173FC974EE} = {2E89F711-CA54-41CB-B523-5A411098658C}
		{79B98E50-0B5C-42DD-9871-14FFC297802B} = {3890A95D-0020-4CB4-8689-D9D00F76E54D}
	EndGlobalSection
EndGlobal
